
Microsoft Visual Studio Solution File, Format Version 12.00
Project("{FAE04EC0-301F-11D3-BF4B-00C04F79EFBC}") = "CalculationEngine", "CalculationEngine\CalculationEngine.csproj", "{AE2197AF-CE92-4A51-A2C3-9157FD6D3E86}"
EndProject
Project("{FAE04EC0-301F-11D3-BF4B-00C04F79EFBC}") = "CalculationEngine.Tests", "CalculationEngine.Tests\CalculationEngine.Tests.csproj", "{43E1B64F-3FA1-4453-9A59-5B433C9CB05E}"
EndProject
Project("{2150E333-8FDC-42A3-9474-1A3956D46DE8}") = "(Solution Items)", "(Solution Items)", "{6CBB3315-3C99-457C-B781-DF68A28F6CEC}"
ProjectSection(SolutionItems) = preProject
	.gitignore = .gitignore
	README.md = README.md
	.github\workflows\build-and-package.yml = .github\workflows\build-and-package.yml
EndProjectSection
EndProject
Global
	GlobalSection(SolutionConfigurationPlatforms) = preSolution
		Debug|Any CPU = Debug|Any CPU
		Release|Any CPU = Release|Any CPU
	EndGlobalSection
	GlobalSection(ProjectConfigurationPlatforms) = postSolution
		{AE2197AF-CE92-4A51-A2C3-9157FD6D3E86}.Debug|Any CPU.ActiveCfg = Debug|Any CPU
		{AE2197AF-CE92-4A51-A2C3-9157FD6D3E86}.Debug|Any CPU.Build.0 = Debug|Any CPU
		{AE2197AF-CE92-4A51-A2C3-9157FD6D3E86}.Release|Any CPU.ActiveCfg = Release|Any CPU
		{AE2197AF-CE92-4A51-A2C3-9157FD6D3E86}.Release|Any CPU.Build.0 = Release|Any CPU
		{43E1B64F-3FA1-4453-9A59-5B433C9CB05E}.Debug|Any CPU.ActiveCfg = Debug|Any CPU
		{43E1B64F-3FA1-4453-9A59-5B433C9CB05E}.Debug|Any CPU.Build.0 = Debug|Any CPU
		{43E1B64F-3FA1-4453-9A59-5B433C9CB05E}.Release|Any CPU.ActiveCfg = Release|Any CPU
		{43E1B64F-3FA1-4453-9A59-5B433C9CB05E}.Release|Any CPU.Build.0 = Release|Any CPU
	EndGlobalSection
EndGlobal
